
Microsoft Visual Studio Solution File, Format Version 12.00
# Visual Studio Version 17
VisualStudioVersion = 17.0.31903.59
MinimumVisualStudioVersion = 10.0.40219.1
Project("{FAE04EC0-301F-11D3-BF4B-00C04F79EFBC}") = "CoreAI.Api", "CoreAI.Api\CoreAI.Api.csproj", "{0996C424-7C71-4FDD-BF76-850239DF25A7}"
EndProject
Project("{FAE04EC0-301F-11D3-BF4B-00C04F79EFBC}") = "CoreAI.Domain", "CoreAI.Domain\CoreAI.Domain.csproj", "{08645A23-27DE-44CE-B187-773E7825BCC8}"
EndProject
Project("{FAE04EC0-301F-11D3-BF4B-00C04F79EFBC}") = "CoreAI.Application", "CoreAI.Application\CoreAI.Application.csproj", "{FE4279BD-EA4E-4350-BBB0-18B264C598D2}"
EndProject
Project("{FAE04EC0-301F-11D3-BF4B-00C04F79EFBC}") = "CoreAI.Infrastructure", "CoreAI.Infrastructure\CoreAI.Infrastructure.csproj", "{ACF14456-E77E-4C4A-B5B4-BD3232CE4180}"
EndProject
Project("{FAE04EC0-301F-11D3-BF4B-00C04F79EFBC}") = "CoreAI.ML", "CoreAI.ML\CoreAI.ML.csproj", "{61A85B8D-D591-4607-93EB-C8EECB25201E}"
EndProject
Project("{FAE04EC0-301F-11D3-BF4B-00C04F79EFBC}") = "CoreAI.Background", "CoreAI.Background\CoreAI.Background.csproj", "{26100CA3-6AA6-4551-A8D6-C93163E6E530}"
EndProject
Project("{FAE04EC0-301F-11D3-BF4B-00C04F79EFBC}") = "CoreAI.Workflows", "CoreAI.Workflows\CoreAI.Workflows.csproj", "{6CA5C368-EBE9-46D7-983E-E4144A9844BE}"
EndProject
Project("{FAE04EC0-301F-11D3-BF4B-00C04F79EFBC}") = "CoreAI.Shared", "CoreAI.Shared\CoreAI.Shared.csproj", "{9E4615F3-14F2-4416-A359-8B0D22E1B9C2}"
EndProject
Global
	GlobalSection(SolutionConfigurationPlatforms) = preSolution
		Debug|Any CPU = Debug|Any CPU
		Debug|x64 = Debug|x64
		Debug|x86 = Debug|x86
		Release|Any CPU = Release|Any CPU
		Release|x64 = Release|x64
		Release|x86 = Release|x86
	EndGlobalSection
	GlobalSection(ProjectConfigurationPlatforms) = postSolution
		{0996C424-7C71-4FDD-BF76-850239DF25A7}.Debug|Any CPU.ActiveCfg = Debug|Any CPU
		{0996C424-7C71-4FDD-BF76-850239DF25A7}.Debug|Any CPU.Build.0 = Debug|Any CPU
		{0996C424-7C71-4FDD-BF76-850239DF25A7}.Debug|x64.ActiveCfg = Debug|Any CPU
		{0996C424-7C71-4FDD-BF76-850239DF25A7}.Debug|x64.Build.0 = Debug|Any CPU
		{0996C424-7C71-4FDD-BF76-850239DF25A7}.Debug|x86.ActiveCfg = Debug|Any CPU
		{0996C424-7C71-4FDD-BF76-850239DF25A7}.Debug|x86.Build.0 = Debug|Any CPU
		{0996C424-7C71-4FDD-BF76-850239DF25A7}.Release|Any CPU.ActiveCfg = Release|Any CPU
		{0996C424-7C71-4FDD-BF76-850239DF25A7}.Release|Any CPU.Build.0 = Release|Any CPU
		{0996C424-7C71-4FDD-BF76-850239DF25A7}.Release|x64.ActiveCfg = Release|Any CPU
		{0996C424-7C71-4FDD-BF76-850239DF25A7}.Release|x64.Build.0 = Release|Any CPU
		{0996C424-7C71-4FDD-BF76-850239DF25A7}.Release|x86.ActiveCfg = Release|Any CPU
		{0996C424-7C71-4FDD-BF76-850239DF25A7}.Release|x86.Build.0 = Release|Any CPU
		{08645A23-27DE-44CE-B187-773E7825BCC8}.Debug|Any CPU.ActiveCfg = Debug|Any CPU
		{08645A23-27DE-44CE-B187-773E7825BCC8}.Debug|Any CPU.Build.0 = Debug|Any CPU
		{08645A23-27DE-44CE-B187-773E7825BCC8}.Debug|x64.ActiveCfg = Debug|Any CPU
		{08645A23-27DE-44CE-B187-773E7825BCC8}.Debug|x64.Build.0 = Debug|Any CPU
		{08645A23-27DE-44CE-B187-773E7825BCC8}.Debug|x86.ActiveCfg = Debug|Any CPU
		{08645A23-27DE-44CE-B187-773E7825BCC8}.Debug|x86.Build.0 = Debug|Any CPU
		{08645A23-27DE-44CE-B187-773E7825BCC8}.Release|Any CPU.ActiveCfg = Release|Any CPU
		{08645A23-27DE-44CE-B187-773E7825BCC8}.Release|Any CPU.Build.0 = Release|Any CPU
		{08645A23-27DE-44CE-B187-773E7825BCC8}.Release|x64.ActiveCfg = Release|Any CPU
		{08645A23-27DE-44CE-B187-773E7825BCC8}.Release|x64.Build.0 = Release|Any CPU
		{08645A23-27DE-44CE-B187-773E7825BCC8}.Release|x86.ActiveCfg = Release|Any CPU
		{08645A23-27DE-44CE-B187-773E7825BCC8}.Release|x86.Build.0 = Release|Any CPU
		{FE4279BD-EA4E-4350-BBB0-18B264C598D2}.Debug|Any CPU.ActiveCfg = Debug|Any CPU
		{FE4279BD-EA4E-4350-BBB0-18B264C598D2}.Debug|Any CPU.Build.0 = Debug|Any CPU
		{FE4279BD-EA4E-4350-BBB0-18B264C598D2}.Debug|x64.ActiveCfg = Debug|Any CPU
		{FE4279BD-EA4E-4350-BBB0-18B264C598D2}.Debug|x64.Build.0 = Debug|Any CPU
		{FE4279BD-EA4E-4350-BBB0-18B264C598D2}.Debug|x86.ActiveCfg = Debug|Any CPU
		{FE4279BD-EA4E-4350-BBB0-18B264C598D2}.Debug|x86.Build.0 = Debug|Any CPU
		{FE4279BD-EA4E-4350-BBB0-18B264C598D2}.Release|Any CPU.ActiveCfg = Release|Any CPU
		{FE4279BD-EA4E-4350-BBB0-18B264C598D2}.Release|Any CPU.Build.0 = Release|Any CPU
		{FE4279BD-EA4E-4350-BBB0-18B264C598D2}.Release|x64.ActiveCfg = Release|Any CPU
		{FE4279BD-EA4E-4350-BBB0-18B264C598D2}.Release|x64.Build.0 = Release|Any CPU
		{FE4279BD-EA4E-4350-BBB0-18B264C598D2}.Release|x86.ActiveCfg = Release|Any CPU
		{FE4279BD-EA4E-4350-BBB0-18B264C598D2}.Release|x86.Build.0 = Release|Any CPU
		{ACF14456-E77E-4C4A-B5B4-BD3232CE4180}.Debug|Any CPU.ActiveCfg = Debug|Any CPU
		{ACF14456-E77E-4C4A-B5B4-BD3232CE4180}.Debug|Any CPU.Build.0 = Debug|Any CPU
		{ACF14456-E77E-4C4A-B5B4-BD3232CE4180}.Debug|x64.ActiveCfg = Debug|Any CPU
		{ACF14456-E77E-4C4A-B5B4-BD3232CE4180}.Debug|x64.Build.0 = Debug|Any CPU
		{ACF14456-E77E-4C4A-B5B4-BD3232CE4180}.Debug|x86.ActiveCfg = Debug|Any CPU
		{ACF14456-E77E-4C4A-B5B4-BD3232CE4180}.Debug|x86.Build.0 = Debug|Any CPU
		{ACF14456-E77E-4C4A-B5B4-BD3232CE4180}.Release|Any CPU.ActiveCfg = Release|Any CPU
		{ACF14456-E77E-4C4A-B5B4-BD3232CE4180}.Release|Any CPU.Build.0 = Release|Any CPU
		{ACF14456-E77E-4C4A-B5B4-BD3232CE4180}.Release|x64.ActiveCfg = Release|Any CPU
		{ACF14456-E77E-4C4A-B5B4-BD3232CE4180}.Release|x64.Build.0 = Release|Any CPU
		{ACF14456-E77E-4C4A-B5B4-BD3232CE4180}.Release|x86.ActiveCfg = Release|Any CPU
		{ACF14456-E77E-4C4A-B5B4-BD3232CE4180}.Release|x86.Build.0 = Release|Any CPU
		{61A85B8D-D591-4607-93EB-C8EECB25201E}.Debug|Any CPU.ActiveCfg = Debug|Any CPU
		{61A85B8D-D591-4607-93EB-C8EECB25201E}.Debug|Any CPU.Build.0 = Debug|Any CPU
		{61A85B8D-D591-4607-93EB-C8EECB25201E}.Debug|x64.ActiveCfg = Debug|Any CPU
		{61A85B8D-D591-4607-93EB-C8EECB25201E}.Debug|x64.Build.0 = Debug|Any CPU
		{61A85B8D-D591-4607-93EB-C8EECB25201E}.Debug|x86.ActiveCfg = Debug|Any CPU
		{61A85B8D-D591-4607-93EB-C8EECB25201E}.Debug|x86.Build.0 = Debug|Any CPU
		{61A85B8D-D591-4607-93EB-C8EECB25201E}.Release|Any CPU.ActiveCfg = Release|Any CPU
		{61A85B8D-D591-4607-93EB-C8EECB25201E}.Release|Any CPU.Build.0 = Release|Any CPU
		{61A85B8D-D591-4607-93EB-C8EECB25201E}.Release|x64.ActiveCfg = Release|Any CPU
		{61A85B8D-D591-4607-93EB-C8EECB25201E}.Release|x64.Build.0 = Release|Any CPU
		{61A85B8D-D591-4607-93EB-C8EECB25201E}.Release|x86.ActiveCfg = Release|Any CPU
		{61A85B8D-D591-4607-93EB-C8EECB25201E}.Release|x86.Build.0 = Release|Any CPU
		{26100CA3-6AA6-4551-A8D6-C93163E6E530}.Debug|Any CPU.ActiveCfg = Debug|Any CPU
		{26100CA3-6AA6-4551-A8D6-C93163E6E530}.Debug|Any CPU.Build.0 = Debug|Any CPU
		{26100CA3-6AA6-4551-A8D6-C93163E6E530}.Debug|x64.ActiveCfg = Debug|Any CPU
		{26100CA3-6AA6-4551-A8D6-C93163E6E530}.Debug|x64.Build.0 = Debug|Any CPU
		{26100CA3-6AA6-4551-A8D6-C93163E6E530}.Debug|x86.ActiveCfg = Debug|Any CPU
		{26100CA3-6AA6-4551-A8D6-C93163E6E530}.Debug|x86.Build.0 = Debug|Any CPU
		{26100CA3-6AA6-4551-A8D6-C93163E6E530}.Release|Any CPU.ActiveCfg = Release|Any CPU
		{26100CA3-6AA6-4551-A8D6-C93163E6E530}.Release|Any CPU.Build.0 = Release|Any CPU
		{26100CA3-6AA6-4551-A8D6-C93163E6E530}.Release|x64.ActiveCfg = Release|Any CPU
		{26100CA3-6AA6-4551-A8D6-C93163E6E530}.Release|x64.Build.0 = Release|Any CPU
		{26100CA3-6AA6-4551-A8D6-C93163E6E530}.Release|x86.ActiveCfg = Release|Any CPU
		{26100CA3-6AA6-4551-A8D6-C93163E6E530}.Release|x86.Build.0 = Release|Any CPU
		{6CA5C368-EBE9-46D7-983E-E4144A9844BE}.Debug|Any CPU.ActiveCfg = Debug|Any CPU
		{6CA5C368-EBE9-46D7-983E-E4144A9844BE}.Debug|Any CPU.Build.0 = Debug|Any CPU
		{6CA5C368-EBE9-46D7-983E-E4144A9844BE}.Debug|x64.ActiveCfg = Debug|Any CPU
		{6CA5C368-EBE9-46D7-983E-E4144A9844BE}.Debug|x64.Build.0 = Debug|Any CPU
		{6CA5C368-EBE9-46D7-983E-E4144A9844BE}.Debug|x86.ActiveCfg = Debug|Any CPU
		{6CA5C368-EBE9-46D7-983E-E4144A9844BE}.Debug|x86.Build.0 = Debug|Any CPU
		{6CA5C368-EBE9-46D7-983E-E4144A9844BE}.Release|Any CPU.ActiveCfg = Release|Any CPU
		{6CA5C368-EBE9-46D7-983E-E4144A9844BE}.Release|Any CPU.Build.0 = Release|Any CPU
		{6CA5C368-EBE9-46D7-983E-E4144A9844BE}.Release|x64.ActiveCfg = Release|Any CPU
		{6CA5C368-EBE9-46D7-983E-E4144A9844BE}.Release|x64.Build.0 = Release|Any CPU
		{6CA5C368-EBE9-46D7-983E-E4144A9844BE}.Release|x86.ActiveCfg = Release|Any CPU
		{6CA5C368-EBE9-46D7-983E-E4144A9844BE}.Release|x86.Build.0 = Release|Any CPU
		{9E4615F3-14F2-4416-A359-8B0D22E1B9C2}.Debug|Any CPU.ActiveCfg = Debug|Any CPU
		{9E4615F3-14F2-4416-A359-8B0D22E1B9C2}.Debug|Any CPU.Build.0 = Debug|Any CPU
		{9E4615F3-14F2-4416-A359-8B0D22E1B9C2}.Debug|x64.ActiveCfg = Debug|Any CPU
		{9E4615F3-14F2-4416-A359-8B0D22E1B9C2}.Debug|x64.Build.0 = Debug|Any CPU
		{9E4615F3-14F2-4416-A359-8B0D22E1B9C2}.Debug|x86.ActiveCfg = Debug|Any CPU
		{9E4615F3-14F2-4416-A359-8B0D22E1B9C2}.Debug|x86.Build.0 = Debug|Any CPU
		{9E4615F3-14F2-4416-A359-8B0D22E1B9C2}.Release|Any CPU.ActiveCfg = Release|Any CPU
		{9E4615F3-14F2-4416-A359-8B0D22E1B9C2}.Release|Any CPU.Build.0 = Release|Any CPU
		{9E4615F3-14F2-4416-A359-8B0D22E1B9C2}.Release|x64.ActiveCfg = Release|Any CPU
		{9E4615F3-14F2-4416-A359-8B0D22E1B9C2}.Release|x64.Build.0 = Release|Any CPU
		{9E4615F3-14F2-4416-A359-8B0D22E1B9C2}.Release|x86.ActiveCfg = Release|Any CPU
		{9E4615F3-14F2-4416-A359-8B0D22E1B9C2}.Release|x86.Build.0 = Release|Any CPU
	EndGlobalSection
	GlobalSection(SolutionProperties) = preSolution
		HideSolutionNode = FALSE
	EndGlobalSection
EndGlobal
